
Microsoft Visual Studio Solution File, Format Version 12.00
# Visual Studio 15
VisualStudioVersion = 15.0.26730.16
MinimumVisualStudioVersion = 10.0.40219.1
Project("{FAE04EC0-301F-11D3-BF4B-00C04F79EFBC}") = "CST356 Week 4 Lab", "CST356 Week 4 Lab\CST356 Week 4 Lab.csproj", "{4CE4F7E5-DF89-49D3-A25A-213046DA04CC}"
EndProject
Global
	GlobalSection(SolutionConfigurationPlatforms) = preSolution
		Debug|Any CPU = Debug|Any CPU
		Release|Any CPU = Release|Any CPU
	EndGlobalSection
	GlobalSection(ProjectConfigurationPlatforms) = postSolution
		{4CE4F7E5-DF89-49D3-A25A-213046DA04CC}.Debug|Any CPU.ActiveCfg = Debug|Any CPU
		{4CE4F7E5-DF89-49D3-A25A-213046DA04CC}.Debug|Any CPU.Build.0 = Debug|Any CPU
		{4CE4F7E5-DF89-49D3-A25A-213046DA04CC}.Release|Any CPU.ActiveCfg = Release|Any CPU
		{4CE4F7E5-DF89-49D3-A25A-213046DA04CC}.Release|Any CPU.Build.0 = Release|Any CPU
	EndGlobalSection
	GlobalSection(SolutionProperties) = preSolution
		HideSolutionNode = FALSE
	EndGlobalSection
	GlobalSection(ExtensibilityGlobals) = postSolution
		SolutionGuid = {545C9C51-D983-46C7-8A17-4E9D962DDC6D}
	EndGlobalSection
EndGlobal
